
Microsoft Visual Studio Solution File, Format Version 12.00
# Visual Studio Version 16
VisualStudioVersion = 16.0.28917.181
MinimumVisualStudioVersion = 10.0.40219.1
Project("{8BC9CEB8-8B4A-11D0-8D11-00A0C91BC942}") = "FlightReservationSystem", "FlightReservationSystem\FlightReservationSystem.vcxproj", "{A5A7BFA2-442E-48D1-8B68-A39FA2C0ABCC}"
EndProject
Global
	GlobalSection(SolutionConfigurationPlatforms) = preSolution
		Debug|x64 = Debug|x64
		Debug|x86 = Debug|x86
		Release|x64 = Release|x64
		Release|x86 = Release|x86
	EndGlobalSection
	GlobalSection(ProjectConfigurationPlatforms) = postSolution
		{A5A7BFA2-442E-48D1-8B68-A39FA2C0ABCC}.Debug|x64.ActiveCfg = Debug|x64
		{A5A7BFA2-442E-48D1-8B68-A39FA2C0ABCC}.Debug|x64.Build.0 = Debug|x64
		{A5A7BFA2-442E-48D1-8B68-A39FA2C0ABCC}.Debug|x86.ActiveCfg = Debug|Win32
		{A5A7BFA2-442E-48D1-8B68-A39FA2C0ABCC}.Debug|x86.Build.0 = Debug|Win32
		{A5A7BFA2-442E-48D1-8B68-A39FA2C0ABCC}.Release|x64.ActiveCfg = Release|x64
		{A5A7BFA2-442E-48D1-8B68-A39FA2C0ABCC}.Release|x64.Build.0 = Release|x64
		{A5A7BFA2-442E-48D1-8B68-A39FA2C0ABCC}.Release|x86.ActiveCfg = Release|Win32
		{A5A7BFA2-442E-48D1-8B68-A39FA2C0ABCC}.Release|x86.Build.0 = Release|Win32
	EndGlobalSection
	GlobalSection(SolutionProperties) = preSolution
		HideSolutionNode = FALSE
	EndGlobalSection
	GlobalSection(ExtensibilityGlobals) = postSolution
		SolutionGuid = {9BB78338-6CC9-498B-998B-A3107757F58A}
	EndGlobalSection
EndGlobal
